
Microsoft Visual Studio Solution File, Format Version 12.00
# Visual Studio 15
VisualStudioVersion = 15.0.26730.12
MinimumVisualStudioVersion = 10.0.40219.1
Project("{8BC9CEB8-8B4A-11D0-8D11-00A0C91BC942}") = "BinaryTree", "BinaryTree\BinaryTree.vcxproj", "{FCBC42D2-5813-404B-99BD-95539B3F2E8C}"
EndProject
Project("{8BC9CEB8-8B4A-11D0-8D11-00A0C91BC942}") = "Test Binary Tree", "Test Binary Tree\Test Binary Tree.vcxproj", "{DB923191-3DA4-43CB-A1DB-0F5753EA9930}"
EndProject
Global
	GlobalSection(SolutionConfigurationPlatforms) = preSolution
		Debug|x64 = Debug|x64
		Debug|x86 = Debug|x86
		Release|x64 = Release|x64
		Release|x86 = Release|x86
	EndGlobalSection
	GlobalSection(ProjectConfigurationPlatforms) = postSolution
		{FCBC42D2-5813-404B-99BD-95539B3F2E8C}.Debug|x64.ActiveCfg = Debug|x64
		{FCBC42D2-5813-404B-99BD-95539B3F2E8C}.Debug|x64.Build.0 = Debug|x64
		{FCBC42D2-5813-404B-99BD-95539B3F2E8C}.Debug|x86.ActiveCfg = Debug|Win32
		{FCBC42D2-5813-404B-99BD-95539B3F2E8C}.Debug|x86.Build.0 = Debug|Win32
		{FCBC42D2-5813-404B-99BD-95539B3F2E8C}.Release|x64.ActiveCfg = Release|x64
		{FCBC42D2-5813-404B-99BD-95539B3F2E8C}.Release|x64.Build.0 = Release|x64
		{FCBC42D2-5813-404B-99BD-95539B3F2E8C}.Release|x86.ActiveCfg = Release|Win32
		{FCBC42D2-5813-404B-99BD-95539B3F2E8C}.Release|x86.Build.0 = Release|Win32
		{DB923191-3DA4-43CB-A1DB-0F5753EA9930}.Debug|x64.ActiveCfg = Debug|x64
		{DB923191-3DA4-43CB-A1DB-0F5753EA9930}.Debug|x64.Build.0 = Debug|x64
		{DB923191-3DA4-43CB-A1DB-0F5753EA9930}.Debug|x86.ActiveCfg = Debug|Win32
		{DB923191-3DA4-43CB-A1DB-0F5753EA9930}.Debug|x86.Build.0 = Debug|Win32
		{DB923191-3DA4-43CB-A1DB-0F5753EA9930}.Release|x64.ActiveCfg = Release|x64
		{DB923191-3DA4-43CB-A1DB-0F5753EA9930}.Release|x64.Build.0 = Release|x64
		{DB923191-3DA4-43CB-A1DB-0F5753EA9930}.Release|x86.ActiveCfg = Release|Win32
		{DB923191-3DA4-43CB-A1DB-0F5753EA9930}.Release|x86.Build.0 = Release|Win32
	EndGlobalSection
	GlobalSection(SolutionProperties) = preSolution
		HideSolutionNode = FALSE
	EndGlobalSection
	GlobalSection(ExtensibilityGlobals) = postSolution
		SolutionGuid = {A98970ED-2BB2-4546-8F9E-833319253220}
	EndGlobalSection
EndGlobal
